PS E:\wisdom\terraform\3> terraform init
Initializing the backend...
Initializing provider plugins...
- Reusing previous version of kreuzwerker/docker from the dependency lock file
- Using previously-installed kreuzwerker/docker v3.0.2

Terraform has been successfully initialized!

You may now begin working with Terraform. Try running "terraform plan" to see
any changes that are required for your infrastructure. All Terraform commands
should now work.

If you ever set or change modules or backend configuration for Terraform,
rerun this command to reinitialize your working directory. If you forget, other
commands will detect it and remind you to do so if necessary.
PS E:\wisdom\terraform\3> terraform apply

Terraform used the selected providers to generate the following execution plan. Resource actions are indicated with the
following symbols:
  + create

Terraform will perform the following actions:

  # docker_container.jenkins will be created
  + resource "docker_container" "jenkins" {
      + attach                                      = false
      + bridge                                      = (known after apply)
      + command                                     = (known after apply)
      + container_logs                              = (known after apply)
      + container_read_refresh_timeout_milliseconds = 15000
      + entrypoint                                  = (known after apply)
      + env                                         = (known after apply)
      + exit_code                                   = (known after apply)
      + hostname                                    = (known after apply)
      + id                                          = (known after apply)
      + image                                       = "jenkins/jenkins:lts"
      + init                                        = (known after apply)
      + ipc_mode                                    = (known after apply)
      + log_driver                                  = (known after apply)
      + logs                                        = false
      + must_run                                    = true
      + name                                        = "jenkins"
      + network_data                                = (known after apply)
      + read_only                                   = false
      + remove_volumes                              = true
      + restart                                     = "no"
      + rm                                          = false
      + runtime                                     = (known after apply)
      + security_opts                               = (known after apply)
      + shm_size                                    = (known after apply)
      + start                                       = true
      + stdin_open                                  = false
      + stop_signal                                 = (known after apply)
      + stop_timeout                                = (known after apply)
      + tty                                         = false
      + wait                                        = false
      + wait_timeout                                = 60

      + healthcheck (known after apply)

      + labels (known after apply)

      + ports {
          + external = 8080
          + internal = 8080
          + ip       = "0.0.0.0"
          + protocol = "tcp"
        }

      + volumes {
          + container_path = "/var/jenkins_home"
          + host_path      = "E:/wisdom/terraform/3/jenkins_home"
            # (2 unchanged attributes hidden)
        }
    }

Plan: 1 to add, 0 to change, 0 to destroy.

Do you want to perform these actions?
  Terraform will perform the actions described above.
  Only 'yes' will be accepted to approve.

  Enter a value: yes

docker_container.jenkins: Creating...
docker_container.jenkins: Still creating... [10s elapsed]
docker_container.jenkins: Still creating... [20s elapsed]
docker_container.jenkins: Still creating... [30s elapsed]
docker_container.jenkins: Still creating... [40s elapsed]
docker_container.jenkins: Still creating... [50s elapsed]
docker_container.jenkins: Still creating... [1m0s elapsed]
docker_container.jenkins: Still creating... [1m10s elapsed]
docker_container.jenkins: Still creating... [1m20s elapsed]
docker_container.jenkins: Still creating... [1m30s elapsed]
docker_container.jenkins: Still creating... [1m40s elapsed]
docker_container.jenkins: Still creating... [1m50s elapsed]
docker_container.jenkins: Still creating... [2m0s elapsed]
docker_container.jenkins: Creation complete after 2m4s [id=5437fa021b50691ca80c40d36cc3a1a8373362adaa9584aecc4e3f1fdee91c1d]

Apply complete! Resources: 1 added, 0 changed, 0 destroyed.
PS E:\wisdom\terraform\3> docker ps
CONTAINER ID   IMAGE                 COMMAND                  CREATED              STATUS              PORTS
                   NAMES
5437fa021b50   jenkins/jenterraform destroybin/tini -- /u…"   About a minute ago   Up About a minute   0.0.0.0:8080->8080/tcp, 50000/tcp   jenkins